
Microsoft Visual Studio Solution File, Format Version 12.00
# Visual Studio Version 17
VisualStudioVersion = 17.2.32602.215
MinimumVisualStudioVersion = 10.0.40219.1
Project("{FAE04EC0-301F-11D3-BF4B-00C04F79EFBC}") = "DAS", "DAS\DAS.csproj", "{9F4A117F-15D7-4ACF-949E-0CB817081295}"
EndProject
Global
	GlobalSection(SolutionConfigurationPlatforms) = preSolution
		Debug|Any CPU = Debug|Any CPU
		Release|Any CPU = Release|Any CPU
	EndGlobalSection
	GlobalSection(ProjectConfigurationPlatforms) = postSolution
		{9F4A117F-15D7-4ACF-949E-0CB817081295}.Debug|Any CPU.ActiveCfg = Debug|Any CPU
		{9F4A117F-15D7-4ACF-949E-0CB817081295}.Debug|Any CPU.Build.0 = Debug|Any CPU
		{9F4A117F-15D7-4ACF-949E-0CB817081295}.Release|Any CPU.ActiveCfg = Release|Any CPU
		{9F4A117F-15D7-4ACF-949E-0CB817081295}.Release|Any CPU.Build.0 = Release|Any CPU
	EndGlobalSection
	GlobalSection(SolutionProperties) = preSolution
		HideSolutionNode = FALSE
	EndGlobalSection
	GlobalSection(ExtensibilityGlobals) = postSolution
		SolutionGuid = {7DE1825E-74F2-4A66-B006-0679CB006355}
	EndGlobalSection
EndGlobal
